PODS:
  - Flutter (1.0.0)
  - image_editor_common (1.0.0):
    - Flutter
  - image_picker_ios (0.0.1):
    - Flutter
  - local_auth_ios (0.0.1):
    - Flutter
  - MTBBarcodeScanner (5.0.11)
  - path_provider_foundation (0.0.1):
    - Flutter
    - FlutterMacOS
  - permission_handler_apple (9.1.1):
    - Flutter
  - qr_code_scanner (0.2.0):
    - Flutter
    - MTBBarcodeScanner
  - share_plus (0.0.1):
    - Flutter
  - shared_preferences_foundation (0.0.1):
    - Flutter
    - FlutterMacOS
  - SwiftProtobuf (1.23.0)
  - trust_wallet_core_lib (0.0.1):
    - Flutter
    - TrustWalletCore
  - TrustWalletCore (3.2.20):
    - TrustWalletCore/Core (= 3.2.20)
  - TrustWalletCore/Core (3.2.20):
    - TrustWalletCore/Types
  - TrustWalletCore/Types (3.2.20):
    - SwiftProtobuf
  - url_launcher_ios (0.0.1):
    - Flutter

DEPENDENCIES:
  - Flutter (from `Flutter`)
  - image_editor_common (from `.symlinks/plugins/image_editor_common/ios`)
  - image_picker_ios (from `.symlinks/plugins/image_picker_ios/ios`)
  - local_auth_ios (from `.symlinks/plugins/local_auth_ios/ios`)
  - path_provider_foundation (from `.symlinks/plugins/path_provider_foundation/darwin`)
  - permission_handler_apple (from `.symlinks/plugins/permission_handler_apple/ios`)
  - qr_code_scanner (from `.symlinks/plugins/qr_code_scanner/ios`)
  - share_plus (from `.symlinks/plugins/share_plus/ios`)
  - shared_preferences_foundation (from `.symlinks/plugins/shared_preferences_foundation/darwin`)
  - trust_wallet_core_lib (from `.symlinks/plugins/trust_wallet_core_lib/ios`)
  - url_launcher_ios (from `.symlinks/plugins/url_launcher_ios/ios`)

SPEC REPOS:
  trunk:
    - MTBBarcodeScanner
    - SwiftProtobuf
    - TrustWalletCore

EXTERNAL SOURCES:
  Flutter:
    :path: Flutter
  image_editor_common:
    :path: ".symlinks/plugins/image_editor_common/ios"
  image_picker_ios:
    :path: ".symlinks/plugins/image_picker_ios/ios"
  local_auth_ios:
    :path: ".symlinks/plugins/local_auth_ios/ios"
  path_provider_foundation:
    :path: ".symlinks/plugins/path_provider_foundation/darwin"
  permission_handler_apple:
    :path: ".symlinks/plugins/permission_handler_apple/ios"
  qr_code_scanner:
    :path: ".symlinks/plugins/qr_code_scanner/ios"
  share_plus:
    :path: ".symlinks/plugins/share_plus/ios"
  shared_preferences_foundation:
    :path: ".symlinks/plugins/shared_preferences_foundation/darwin"
  trust_wallet_core_lib:
    :path: ".symlinks/plugins/trust_wallet_core_lib/ios"
  url_launcher_ios:
    :path: ".symlinks/plugins/url_launcher_ios/ios"

SPEC CHECKSUMS:
  Flutter: f04841e97a9d0b0a8025694d0796dd46242b2854
  image_editor_common: d6f6644ae4a6de80481e89fe6d0a8c49e30b4b43
  image_picker_ios: 4a8aadfbb6dc30ad5141a2ce3832af9214a705b5
  local_auth_ios: c6cf091ded637a88f24f86a8875d8b0f526e2605
  MTBBarcodeScanner: f453b33c4b7dfe545d8c6484ed744d55671788cb
  path_provider_foundation: 29f094ae23ebbca9d3d0cec13889cd9060c0e943
  permission_handler_apple: e76247795d700c14ea09e3a2d8855d41ee80a2e6
  qr_code_scanner: bb67d64904c3b9658ada8c402e8b4d406d5d796e
  share_plus: c3fef564749587fc939ef86ffb283ceac0baf9f5
  shared_preferences_foundation: 5b919d13b803cadd15ed2dc053125c68730e5126
  SwiftProtobuf: b70d65f419fbfe61a2d58003456ca5da58e337d6
  trust_wallet_core_lib: 1d25320104cd3a7fee634d5f57596200da2b5d7c
  TrustWalletCore: 640ca389b23abaf0b55b8064fd6c23191c52af3f
  url_launcher_ios: 68d46cc9766d0c41dbdc884310529557e3cd7a86

PODFILE CHECKSUM: a57f30d18f102dd3ce366b1d62a55ecbef2158e5

COCOAPODS: 1.12.1
